
Microsoft Visual Studio Solution File, Format Version 12.00
# Visual Studio Version 17
VisualStudioVersion = 17.4.33205.214
MinimumVisualStudioVersion = 10.0.40219.1
Project("{2150E333-8FDC-42A3-9474-1A3956D46DE8}") = "src", "src", "{30791099-85CC-415D-A7C5-4BBA86434470}"
EndProject
Project("{2150E333-8FDC-42A3-9474-1A3956D46DE8}") = "tests", "tests", "{C6B72981-6975-4A23-93E4-56B25DD6B090}"
EndProject
Project("{9A19103F-16F7-4668-BE54-9A1E7A4F7556}") = "R2S.Catalog.Core", "src\R2S.Catalog.Core\R2S.Catalog.Core.csproj", "{EFCCF3CC-64D5-409C-9F76-D951F473FF5C}"
EndProject
Project("{9A19103F-16F7-4668-BE54-9A1E7A4F7556}") = "R2S.Catalog.Infrastructure", "src\R2S.Catalog.Infrastructure\R2S.Catalog.Infrastructure.csproj", "{857F4157-6854-4335-B2C1-E9687CBEBDF5}"
EndProject
Project("{9A19103F-16F7-4668-BE54-9A1E7A4F7556}") = "R2S.Catalog.Api", "src\R2S.Catalog.Api\R2S.Catalog.Api.csproj", "{1412D024-A242-435D-A2E9-AB954732C8B8}"
EndProject
Project("{9A19103F-16F7-4668-BE54-9A1E7A4F7556}") = "R2S.Catalog.Core.UnitTests", "tests\R2S.Catalog.Core.UnitTests\R2S.Catalog.Core.UnitTests.csproj", "{0E5B39FF-1BF8-411F-ABC5-8A73EF87BCA1}"
EndProject
Project("{9A19103F-16F7-4668-BE54-9A1E7A4F7556}") = "R2S.Catalog.Infrastructure.IntegrationTests", "tests\R2S.Catalog.Infrastructure.IntegrationTests\R2S.Catalog.Infrastructure.IntegrationTests.csproj", "{ADD8EE9B-7469-4C57-A07B-71E46B27E970}"
EndProject
Project("{9A19103F-16F7-4668-BE54-9A1E7A4F7556}") = "R2S.Catalog.Api.IntegrationTests", "tests\R2S.Catalog.Api.IntegrationTests\R2S.Catalog.Api.IntegrationTests.csproj", "{DC7C7A38-96C6-456B-8E3D-892CF358B080}"
EndProject
Project("{2150E333-8FDC-42A3-9474-1A3956D46DE8}") = "Solution Items", "Solution Items", "{AE405D62-D844-4E60-9B92-5D7459567F7F}"
	ProjectSection(SolutionItems) = preProject
		.editorconfig = .editorconfig
	EndProjectSection
EndProject
Global
	GlobalSection(SolutionConfigurationPlatforms) = preSolution
		Debug|Any CPU = Debug|Any CPU
		Release|Any CPU = Release|Any CPU
	EndGlobalSection
	GlobalSection(ProjectConfigurationPlatforms) = postSolution
		{EFCCF3CC-64D5-409C-9F76-D951F473FF5C}.Debug|Any CPU.ActiveCfg = Debug|Any CPU
		{EFCCF3CC-64D5-409C-9F76-D951F473FF5C}.Debug|Any CPU.Build.0 = Debug|Any CPU
		{EFCCF3CC-64D5-409C-9F76-D951F473FF5C}.Release|Any CPU.ActiveCfg = Release|Any CPU
		{EFCCF3CC-64D5-409C-9F76-D951F473FF5C}.Release|Any CPU.Build.0 = Release|Any CPU
		{857F4157-6854-4335-B2C1-E9687CBEBDF5}.Debug|Any CPU.ActiveCfg = Debug|Any CPU
		{857F4157-6854-4335-B2C1-E9687CBEBDF5}.Debug|Any CPU.Build.0 = Debug|Any CPU
		{857F4157-6854-4335-B2C1-E9687CBEBDF5}.Release|Any CPU.ActiveCfg = Release|Any CPU
		{857F4157-6854-4335-B2C1-E9687CBEBDF5}.Release|Any CPU.Build.0 = Release|Any CPU
		{1412D024-A242-435D-A2E9-AB954732C8B8}.Debug|Any CPU.ActiveCfg = Debug|Any CPU
		{1412D024-A242-435D-A2E9-AB954732C8B8}.Debug|Any CPU.Build.0 = Debug|Any CPU
		{1412D024-A242-435D-A2E9-AB954732C8B8}.Release|Any CPU.ActiveCfg = Release|Any CPU
		{1412D024-A242-435D-A2E9-AB954732C8B8}.Release|Any CPU.Build.0 = Release|Any CPU
		{0E5B39FF-1BF8-411F-ABC5-8A73EF87BCA1}.Debug|Any CPU.ActiveCfg = Debug|Any CPU
		{0E5B39FF-1BF8-411F-ABC5-8A73EF87BCA1}.Debug|Any CPU.Build.0 = Debug|Any CPU
		{0E5B39FF-1BF8-411F-ABC5-8A73EF87BCA1}.Release|Any CPU.ActiveCfg = Release|Any CPU
		{0E5B39FF-1BF8-411F-ABC5-8A73EF87BCA1}.Release|Any CPU.Build.0 = Release|Any CPU
		{ADD8EE9B-7469-4C57-A07B-71E46B27E970}.Debug|Any CPU.ActiveCfg = Debug|Any CPU
		{ADD8EE9B-7469-4C57-A07B-71E46B27E970}.Debug|Any CPU.Build.0 = Debug|Any CPU
		{ADD8EE9B-7469-4C57-A07B-71E46B27E970}.Release|Any CPU.ActiveCfg = Release|Any CPU
		{ADD8EE9B-7469-4C57-A07B-71E46B27E970}.Release|Any CPU.Build.0 = Release|Any CPU
		{DC7C7A38-96C6-456B-8E3D-892CF358B080}.Debug|Any CPU.ActiveCfg = Debug|Any CPU
		{DC7C7A38-96C6-456B-8E3D-892CF358B080}.Debug|Any CPU.Build.0 = Debug|Any CPU
		{DC7C7A38-96C6-456B-8E3D-892CF358B080}.Release|Any CPU.ActiveCfg = Release|Any CPU
		{DC7C7A38-96C6-456B-8E3D-892CF358B080}.Release|Any CPU.Build.0 = Release|Any CPU
	EndGlobalSection
	GlobalSection(SolutionProperties) = preSolution
		HideSolutionNode = FALSE
	EndGlobalSection
	GlobalSection(NestedProjects) = preSolution
		{EFCCF3CC-64D5-409C-9F76-D951F473FF5C} = {30791099-85CC-415D-A7C5-4BBA86434470}
		{857F4157-6854-4335-B2C1-E9687CBEBDF5} = {30791099-85CC-415D-A7C5-4BBA86434470}
		{1412D024-A242-435D-A2E9-AB954732C8B8} = {30791099-85CC-415D-A7C5-4BBA86434470}
		{0E5B39FF-1BF8-411F-ABC5-8A73EF87BCA1} = {C6B72981-6975-4A23-93E4-56B25DD6B090}
		{ADD8EE9B-7469-4C57-A07B-71E46B27E970} = {C6B72981-6975-4A23-93E4-56B25DD6B090}
		{DC7C7A38-96C6-456B-8E3D-892CF358B080} = {C6B72981-6975-4A23-93E4-56B25DD6B090}
	EndGlobalSection
	GlobalSection(ExtensibilityGlobals) = postSolution
		SolutionGuid = {455A2135-14C8-48D0-87E4-51E79877BC10}
	EndGlobalSection
EndGlobal
