
Microsoft Visual Studio Solution File, Format Version 12.00
# Visual Studio Version 17
VisualStudioVersion = 17.4.33205.214
MinimumVisualStudioVersion = 10.0.40219.1
Project("{2150E333-8FDC-42A3-9474-1A3956D46DE8}") = "src", "src", "{BDD7D7E4-1029-469E-8BD6-2CED6B4C922A}"
EndProject
Project("{2150E333-8FDC-42A3-9474-1A3956D46DE8}") = "Solution Items", "Solution Items", "{6000DB3A-BD9D-4295-BAB3-AC5106BACEBB}"
	ProjectSection(SolutionItems) = preProject
		.editorconfig = .editorconfig
	EndProjectSection
EndProject
Project("{9A19103F-16F7-4668-BE54-9A1E7A4F7556}") = "EShop.Client.AuthorizationServer", "src\EShop.Client.AuthorizationServer\EShop.Client.AuthorizationServer.csproj", "{F15F0CDD-CE70-4A17-B04B-4025521F4F36}"
EndProject
Project("{E53339B2-1760-4266-BCC7-CA923CBCF16C}") = "docker-compose", "docker-compose.dcproj", "{BEED7D95-B505-4532-B2F2-D3BB86B40B0F}"
EndProject
Global
	GlobalSection(SolutionConfigurationPlatforms) = preSolution
		Debug|Any CPU = Debug|Any CPU
		Release|Any CPU = Release|Any CPU
	EndGlobalSection
	GlobalSection(ProjectConfigurationPlatforms) = postSolution
		{F15F0CDD-CE70-4A17-B04B-4025521F4F36}.Debug|Any CPU.ActiveCfg = Debug|Any CPU
		{F15F0CDD-CE70-4A17-B04B-4025521F4F36}.Debug|Any CPU.Build.0 = Debug|Any CPU
		{F15F0CDD-CE70-4A17-B04B-4025521F4F36}.Release|Any CPU.ActiveCfg = Release|Any CPU
		{F15F0CDD-CE70-4A17-B04B-4025521F4F36}.Release|Any CPU.Build.0 = Release|Any CPU
		{BEED7D95-B505-4532-B2F2-D3BB86B40B0F}.Debug|Any CPU.ActiveCfg = Debug|Any CPU
		{BEED7D95-B505-4532-B2F2-D3BB86B40B0F}.Debug|Any CPU.Build.0 = Debug|Any CPU
		{BEED7D95-B505-4532-B2F2-D3BB86B40B0F}.Release|Any CPU.ActiveCfg = Release|Any CPU
		{BEED7D95-B505-4532-B2F2-D3BB86B40B0F}.Release|Any CPU.Build.0 = Release|Any CPU
	EndGlobalSection
	GlobalSection(SolutionProperties) = preSolution
		HideSolutionNode = FALSE
	EndGlobalSection
	GlobalSection(NestedProjects) = preSolution
		{F15F0CDD-CE70-4A17-B04B-4025521F4F36} = {BDD7D7E4-1029-469E-8BD6-2CED6B4C922A}
	EndGlobalSection
	GlobalSection(ExtensibilityGlobals) = postSolution
		SolutionGuid = {381EA364-A6C8-423F-9142-16EDF8206894}
	EndGlobalSection
EndGlobal
