
Microsoft Visual Studio Solution File, Format Version 12.00
# Visual Studio Version 17
VisualStudioVersion = 17.2.32516.85
MinimumVisualStudioVersion = 10.0.40219.1
Project("{2150E333-8FDC-42A3-9474-1A3956D46DE8}") = "EmployeeManagement", "EmployeeManagement", "{F64B29E2-152F-4DF5-9D17-7DB70285A73C}"
EndProject
Project("{2150E333-8FDC-42A3-9474-1A3956D46DE8}") = "src", "src", "{C1371F39-0B4D-4B8A-BE4A-D11FADEB3D49}"
EndProject
Project("{2150E333-8FDC-42A3-9474-1A3956D46DE8}") = "tests", "tests", "{070B0A93-7AF4-4F5A-A3F6-FBE6F04A45CD}"
EndProject
Project("{2150E333-8FDC-42A3-9474-1A3956D46DE8}") = "Catalog", "Catalog", "{BA1C629C-5B8F-4DB3-B179-866EA606B590}"
EndProject
Project("{2150E333-8FDC-42A3-9474-1A3956D46DE8}") = "src", "src", "{8C3E2768-9399-49EF-8094-E7C7A8828C39}"
EndProject
Project("{2150E333-8FDC-42A3-9474-1A3956D46DE8}") = "tests", "tests", "{EDAD962C-CC7C-4BEB-8BCB-EE1763630D1D}"
EndProject
Project("{2150E333-8FDC-42A3-9474-1A3956D46DE8}") = "Solution Items", "Solution Items", "{D49D2BF3-E494-4E26-A4D0-C5F721AABC67}"
	ProjectSection(SolutionItems) = preProject
		.editorconfig = .editorconfig
	EndProjectSection
EndProject
Project("{2150E333-8FDC-42A3-9474-1A3956D46DE8}") = "Client", "Client", "{72F997AB-E4EF-48BA-AD1C-864E52C27FD3}"
EndProject
Project("{2150E333-8FDC-42A3-9474-1A3956D46DE8}") = "src", "src", "{C72DCCF8-A148-4EDD-BDD9-65DDCD3A9984}"
EndProject
Project("{9A19103F-16F7-4668-BE54-9A1E7A4F7556}") = "EShop.Catalog.Core", "Catalog\src\EShop.Catalog.Core\EShop.Catalog.Core.csproj", "{43884CE1-B525-4FEC-A526-F5757DBFAE83}"
EndProject
Project("{9A19103F-16F7-4668-BE54-9A1E7A4F7556}") = "EShop.Catalog.Infrastructure", "Catalog\src\EShop.Catalog.Infrastructure\EShop.Catalog.Infrastructure.csproj", "{B69CDFA2-C5E0-4E42-BCEE-C08FC8495125}"
EndProject
Project("{9A19103F-16F7-4668-BE54-9A1E7A4F7556}") = "EShop.Catalog.Api", "Catalog\src\EShop.Catalog.Api\EShop.Catalog.Api.csproj", "{5C6AE11C-156B-49AA-BF50-BECFF554EF57}"
EndProject
Project("{9A19103F-16F7-4668-BE54-9A1E7A4F7556}") = "EShop.Catalog.Core.UnitTests", "Catalog\tests\EShop.Catalog.Core.UnitTests\EShop.Catalog.Core.UnitTests.csproj", "{678AA08E-1F82-426F-B369-1D28C24B82E4}"
EndProject
Project("{9A19103F-16F7-4668-BE54-9A1E7A4F7556}") = "EShop.Catalog.Infrastructure.IntegrationTests", "Catalog\tests\EShop.Catalog.Infrastructure.IntegrationTests\EShop.Catalog.Infrastructure.IntegrationTests.csproj", "{8B6CED2E-7BB0-4E28-A6CE-B3F8A019DC34}"
EndProject
Project("{9A19103F-16F7-4668-BE54-9A1E7A4F7556}") = "EShop.Catalog.Api.IntegrationTests", "Catalog\tests\EShop.Catalog.Api.IntegrationTests\EShop.Catalog.Api.IntegrationTests.csproj", "{2E019B7C-E8AE-4E01-AA0F-415CCF62ECBE}"
EndProject
Project("{9A19103F-16F7-4668-BE54-9A1E7A4F7556}") = "EShop.Client.AuthorizationServer", "Client\src\EShop.Client.AuthorizationServer\EShop.Client.AuthorizationServer.csproj", "{AE5F7462-D212-4804-A23C-6584671AFA62}"
EndProject
Project("{9A19103F-16F7-4668-BE54-9A1E7A4F7556}") = "EShop.EmployeeManagement.Core", "EmployeeManagement\src\EShop.EmployeeManagement.Core\EShop.EmployeeManagement.Core.csproj", "{0CDE6F7A-5F32-4EDE-95E2-CEF48614D6E6}"
EndProject
Project("{9A19103F-16F7-4668-BE54-9A1E7A4F7556}") = "EShop.EmployeeManagement.DB.Manager", "EmployeeManagement\src\EShop.EmployeeManagement.DB.Manager\EShop.EmployeeManagement.DB.Manager.csproj", "{0987BD50-CF4E-48A6-B0B1-39B05188A61B}"
EndProject
Project("{9A19103F-16F7-4668-BE54-9A1E7A4F7556}") = "EShop.EmployeeManagement.Api", "EmployeeManagement\src\EShop.EmployeeManagement.Api\EShop.EmployeeManagement.Api.csproj", "{06816AFA-6D7C-4029-8114-3016D2D0F328}"
EndProject
Project("{9A19103F-16F7-4668-BE54-9A1E7A4F7556}") = "EShop.EmployeeManagement.AuthorizationServer", "EmployeeManagement\src\EShop.EmployeeManagement.AuthorizationServer\EShop.EmployeeManagement.AuthorizationServer.csproj", "{D62E4AE9-1656-4C09-8886-0B6A8A124F6A}"
EndProject
Project("{9A19103F-16F7-4668-BE54-9A1E7A4F7556}") = "EShop.EmployeeManagement.Api.IntegrationTests", "EmployeeManagement\tests\EShop.EmployeeManagement.Api.IntegrationTests\EShop.EmployeeManagement.Api.IntegrationTests.csproj", "{9A672894-1F54-48E5-8922-D84694348DBE}"
EndProject
Project("{9A19103F-16F7-4668-BE54-9A1E7A4F7556}") = "EShop.EmployeeManagement.Core.IntegrationTests", "EmployeeManagement\tests\EShop.EmployeeManagement.IntegrationTests\EShop.EmployeeManagement.Core.IntegrationTests.csproj", "{838361C9-8F44-475A-9B35-BF8870C28E9D}"
EndProject
Project("{E53339B2-1760-4266-BCC7-CA923CBCF16C}") = "docker-compose", "docker-compose.dcproj", "{0BC4F84B-B455-44AA-B6F6-E96A222D35B5}"
EndProject
Project("{2150E333-8FDC-42A3-9474-1A3956D46DE8}") = "Payment", "Payment", "{CE3C427B-D3EE-4B58-98F2-E68075B7A9CA}"
EndProject
Project("{2150E333-8FDC-42A3-9474-1A3956D46DE8}") = "Basket", "Basket", "{395E8D6B-B1C6-41A6-BC0A-7EC3904D3C99}"
EndProject
Project("{2150E333-8FDC-42A3-9474-1A3956D46DE8}") = "src", "src", "{5CEE4FB1-451C-4BFF-BCEC-9D84CA43209E}"
EndProject
Project("{2150E333-8FDC-42A3-9474-1A3956D46DE8}") = "tests", "tests", "{C8C31484-F4CC-472C-A6BE-46EE5E08A294}"
EndProject
Project("{9A19103F-16F7-4668-BE54-9A1E7A4F7556}") = "EShop.Basket.Core", "Basket\src\EShop.Basket.Core\EShop.Basket.Core.csproj", "{51FDD2EC-15F0-4D38-BC2C-FB98ABE9F1EE}"
EndProject
Project("{9A19103F-16F7-4668-BE54-9A1E7A4F7556}") = "EShop.Basket.Infrastructure", "Basket\src\EShop.Basket.Infrastructure\EShop.Basket.Infrastructure.csproj", "{F1DC9DE9-8999-4548-AB77-775A346371D9}"
EndProject
Project("{9A19103F-16F7-4668-BE54-9A1E7A4F7556}") = "EShop.Basket.Api", "Basket\src\EShop.Basket.Api\EShop.Basket.Api.csproj", "{0356FA18-AE61-4A11-BF66-C295008EB48E}"
EndProject
Project("{9A19103F-16F7-4668-BE54-9A1E7A4F7556}") = "EShop.Basket.Infrastructure.IntegrationTests", "Basket\tests\EShop.Basket.Infrastructure.IntegrationTests\EShop.Basket.Infrastructure.IntegrationTests.csproj", "{08E2A857-289A-4826-B313-281FFD0D0473}"
EndProject
Project("{9A19103F-16F7-4668-BE54-9A1E7A4F7556}") = "EShop.Basket.Api.IntegrationTests", "Basket\tests\EShop.Basket.Api.IntegrationTests\EShop.Basket.Api.IntegrationTests.csproj", "{3959EB55-8371-4161-ADC1-C08BC654D29B}"
EndProject
Project("{2150E333-8FDC-42A3-9474-1A3956D46DE8}") = "src", "src", "{2D76CAFE-0E7F-4B65-B31E-6B95C1AFE84B}"
EndProject
Project("{2150E333-8FDC-42A3-9474-1A3956D46DE8}") = "tests", "tests", "{45D850E5-B794-4EB1-B5F2-C941F69658E7}"
EndProject
Project("{9A19103F-16F7-4668-BE54-9A1E7A4F7556}") = "EShop.Payment.Processor", "Payment\src\EShop.Payment.Processor\EShop.Payment.Processor.csproj", "{F7CD0BF2-D6BE-43AE-B63D-8CD2D3BCF474}"
EndProject
Project("{9A19103F-16F7-4668-BE54-9A1E7A4F7556}") = "EShop.Payment.Processor.Tests", "Payment\tests\EShop.Payment.Processor.Tests\EShop.Payment.Processor.Tests.csproj", "{6017BDA3-164A-4244-9A4B-6AC76DB387A6}"
EndProject
Project("{2150E333-8FDC-42A3-9474-1A3956D46DE8}") = "Ordering", "Ordering", "{6B38DCF3-AEEF-40BA-BB4B-DB970538C420}"
EndProject
Project("{2150E333-8FDC-42A3-9474-1A3956D46DE8}") = "src", "src", "{808A5058-D1D3-4521-B967-43600453F25A}"
EndProject
Project("{2150E333-8FDC-42A3-9474-1A3956D46DE8}") = "tests", "tests", "{CF824942-42B6-48B7-81DA-2545DBCF57B5}"
EndProject
Project("{9A19103F-16F7-4668-BE54-9A1E7A4F7556}") = "EShop.Ordering.Core", "Ordering\src\EShop.Ordering.Core\EShop.Ordering.Core.csproj", "{33EC7D29-1667-4AD1-9D1D-25386399F47D}"
EndProject
Project("{9A19103F-16F7-4668-BE54-9A1E7A4F7556}") = "EShop.Ordering.Infrastructure", "Ordering\src\EShop.Ordering.Infrastructure\EShop.Ordering.Infrastructure.csproj", "{CDF9DC68-28B6-4ECB-9A20-DDB8A9B598F0}"
EndProject
Project("{9A19103F-16F7-4668-BE54-9A1E7A4F7556}") = "EShop.Ordering.Api", "Ordering\src\EShop.Ordering.Api\EShop.Ordering.Api.csproj", "{85D5A4C5-61EA-4EAE-8A39-3C667EED9F50}"
EndProject
Project("{9A19103F-16F7-4668-BE54-9A1E7A4F7556}") = "EShop.Ordering.Infrastructure.IntegrationTests", "Ordering\tests\EShop.Ordering.Infrastructure.IntegrationTests\EShop.Ordering.Infrastructure.IntegrationTests.csproj", "{EC09FBEF-1BCE-44A6-85A1-1482E394438C}"
EndProject
Project("{9A19103F-16F7-4668-BE54-9A1E7A4F7556}") = "EShop.Ordering.Api.IntegrationTests", "Ordering\tests\EShop.Ordering.Api.IntegrationTests\EShop.Ordering.Api.IntegrationTests.csproj", "{91383C68-DCA8-49BD-A047-0C636EAB264D}"
EndProject
Project("{2150E333-8FDC-42A3-9474-1A3956D46DE8}") = "Saga", "Saga", "{36867D2B-7BE3-4DE6-A394-36894ED7042D}"
EndProject
Project("{2150E333-8FDC-42A3-9474-1A3956D46DE8}") = "src", "src", "{3B27D7B9-DBB3-4C40-B7A0-98B59EEA9A38}"
EndProject
Project("{2150E333-8FDC-42A3-9474-1A3956D46DE8}") = "tests", "tests", "{D9C9D7B6-986E-4FCE-BCFF-135059C28FF7}"
EndProject
Project("{9A19103F-16F7-4668-BE54-9A1E7A4F7556}") = "EShop.Saga.Components", "Saga\src\EShop.Saga.Components\EShop.Saga.Components.csproj", "{FE6012D0-BD28-4F05-B580-E7D058022FF7}"
EndProject
Project("{9A19103F-16F7-4668-BE54-9A1E7A4F7556}") = "EShop.Saga.Components.Tests", "Saga\tests\EShop.Saga.Components.Tests\EShop.Saga.Components.Tests.csproj", "{8D470F41-47D8-4BC1-B87E-4113B162F516}"
EndProject
Project("{9A19103F-16F7-4668-BE54-9A1E7A4F7556}") = "EShop.Saga.Processor", "Saga\src\EShop.Saga.Processor\EShop.Saga.Processor.csproj", "{2D3A5AA9-DB7D-47BE-9A00-437E5DE08693}"
EndProject
Project("{9A19103F-16F7-4668-BE54-9A1E7A4F7556}") = "EShop.Saga.Processor.IntegrationTests", "Saga\tests\EShop.Saga.Processor.IntegrationTests\EShop.Saga.Processor.IntegrationTests.csproj", "{FBC8ACC7-91B9-428D-BDE0-6F1F33055663}"
EndProject
Project("{9A19103F-16F7-4668-BE54-9A1E7A4F7556}") = "EShop.Ordering.Core.UnitTests", "Ordering\tests\EShop.Ordering.Core.UnitTests\EShop.Ordering.Core.UnitTests.csproj", "{3DEC676B-731A-4EBC-9835-0D8DFD5A4576}"
EndProject
Global
	GlobalSection(SolutionConfigurationPlatforms) = preSolution
		Debug|Any CPU = Debug|Any CPU
		Release|Any CPU = Release|Any CPU
	EndGlobalSection
	GlobalSection(ProjectConfigurationPlatforms) = postSolution
		{43884CE1-B525-4FEC-A526-F5757DBFAE83}.Debug|Any CPU.ActiveCfg = Debug|Any CPU
		{43884CE1-B525-4FEC-A526-F5757DBFAE83}.Debug|Any CPU.Build.0 = Debug|Any CPU
		{43884CE1-B525-4FEC-A526-F5757DBFAE83}.Release|Any CPU.ActiveCfg = Release|Any CPU
		{43884CE1-B525-4FEC-A526-F5757DBFAE83}.Release|Any CPU.Build.0 = Release|Any CPU
		{B69CDFA2-C5E0-4E42-BCEE-C08FC8495125}.Debug|Any CPU.ActiveCfg = Debug|Any CPU
		{B69CDFA2-C5E0-4E42-BCEE-C08FC8495125}.Debug|Any CPU.Build.0 = Debug|Any CPU
		{B69CDFA2-C5E0-4E42-BCEE-C08FC8495125}.Release|Any CPU.ActiveCfg = Release|Any CPU
		{B69CDFA2-C5E0-4E42-BCEE-C08FC8495125}.Release|Any CPU.Build.0 = Release|Any CPU
		{5C6AE11C-156B-49AA-BF50-BECFF554EF57}.Debug|Any CPU.ActiveCfg = Debug|Any CPU
		{5C6AE11C-156B-49AA-BF50-BECFF554EF57}.Debug|Any CPU.Build.0 = Debug|Any CPU
		{5C6AE11C-156B-49AA-BF50-BECFF554EF57}.Release|Any CPU.ActiveCfg = Release|Any CPU
		{5C6AE11C-156B-49AA-BF50-BECFF554EF57}.Release|Any CPU.Build.0 = Release|Any CPU
		{678AA08E-1F82-426F-B369-1D28C24B82E4}.Debug|Any CPU.ActiveCfg = Debug|Any CPU
		{678AA08E-1F82-426F-B369-1D28C24B82E4}.Debug|Any CPU.Build.0 = Debug|Any CPU
		{678AA08E-1F82-426F-B369-1D28C24B82E4}.Release|Any CPU.ActiveCfg = Release|Any CPU
		{678AA08E-1F82-426F-B369-1D28C24B82E4}.Release|Any CPU.Build.0 = Release|Any CPU
		{8B6CED2E-7BB0-4E28-A6CE-B3F8A019DC34}.Debug|Any CPU.ActiveCfg = Debug|Any CPU
		{8B6CED2E-7BB0-4E28-A6CE-B3F8A019DC34}.Debug|Any CPU.Build.0 = Debug|Any CPU
		{8B6CED2E-7BB0-4E28-A6CE-B3F8A019DC34}.Release|Any CPU.ActiveCfg = Release|Any CPU
		{8B6CED2E-7BB0-4E28-A6CE-B3F8A019DC34}.Release|Any CPU.Build.0 = Release|Any CPU
		{2E019B7C-E8AE-4E01-AA0F-415CCF62ECBE}.Debug|Any CPU.ActiveCfg = Debug|Any CPU
		{2E019B7C-E8AE-4E01-AA0F-415CCF62ECBE}.Debug|Any CPU.Build.0 = Debug|Any CPU
		{2E019B7C-E8AE-4E01-AA0F-415CCF62ECBE}.Release|Any CPU.ActiveCfg = Release|Any CPU
		{2E019B7C-E8AE-4E01-AA0F-415CCF62ECBE}.Release|Any CPU.Build.0 = Release|Any CPU
		{AE5F7462-D212-4804-A23C-6584671AFA62}.Debug|Any CPU.ActiveCfg = Debug|Any CPU
		{AE5F7462-D212-4804-A23C-6584671AFA62}.Debug|Any CPU.Build.0 = Debug|Any CPU
		{AE5F7462-D212-4804-A23C-6584671AFA62}.Release|Any CPU.ActiveCfg = Release|Any CPU
		{AE5F7462-D212-4804-A23C-6584671AFA62}.Release|Any CPU.Build.0 = Release|Any CPU
		{0CDE6F7A-5F32-4EDE-95E2-CEF48614D6E6}.Debug|Any CPU.ActiveCfg = Debug|Any CPU
		{0CDE6F7A-5F32-4EDE-95E2-CEF48614D6E6}.Debug|Any CPU.Build.0 = Debug|Any CPU
		{0CDE6F7A-5F32-4EDE-95E2-CEF48614D6E6}.Release|Any CPU.ActiveCfg = Release|Any CPU
		{0CDE6F7A-5F32-4EDE-95E2-CEF48614D6E6}.Release|Any CPU.Build.0 = Release|Any CPU
		{0987BD50-CF4E-48A6-B0B1-39B05188A61B}.Debug|Any CPU.ActiveCfg = Debug|Any CPU
		{0987BD50-CF4E-48A6-B0B1-39B05188A61B}.Debug|Any CPU.Build.0 = Debug|Any CPU
		{0987BD50-CF4E-48A6-B0B1-39B05188A61B}.Release|Any CPU.ActiveCfg = Release|Any CPU
		{0987BD50-CF4E-48A6-B0B1-39B05188A61B}.Release|Any CPU.Build.0 = Release|Any CPU
		{06816AFA-6D7C-4029-8114-3016D2D0F328}.Debug|Any CPU.ActiveCfg = Debug|Any CPU
		{06816AFA-6D7C-4029-8114-3016D2D0F328}.Debug|Any CPU.Build.0 = Debug|Any CPU
		{06816AFA-6D7C-4029-8114-3016D2D0F328}.Release|Any CPU.ActiveCfg = Release|Any CPU
		{06816AFA-6D7C-4029-8114-3016D2D0F328}.Release|Any CPU.Build.0 = Release|Any CPU
		{D62E4AE9-1656-4C09-8886-0B6A8A124F6A}.Debug|Any CPU.ActiveCfg = Debug|Any CPU
		{D62E4AE9-1656-4C09-8886-0B6A8A124F6A}.Debug|Any CPU.Build.0 = Debug|Any CPU
		{D62E4AE9-1656-4C09-8886-0B6A8A124F6A}.Release|Any CPU.ActiveCfg = Release|Any CPU
		{D62E4AE9-1656-4C09-8886-0B6A8A124F6A}.Release|Any CPU.Build.0 = Release|Any CPU
		{9A672894-1F54-48E5-8922-D84694348DBE}.Debug|Any CPU.ActiveCfg = Debug|Any CPU
		{9A672894-1F54-48E5-8922-D84694348DBE}.Debug|Any CPU.Build.0 = Debug|Any CPU
		{9A672894-1F54-48E5-8922-D84694348DBE}.Release|Any CPU.ActiveCfg = Release|Any CPU
		{9A672894-1F54-48E5-8922-D84694348DBE}.Release|Any CPU.Build.0 = Release|Any CPU
		{838361C9-8F44-475A-9B35-BF8870C28E9D}.Debug|Any CPU.ActiveCfg = Debug|Any CPU
		{838361C9-8F44-475A-9B35-BF8870C28E9D}.Debug|Any CPU.Build.0 = Debug|Any CPU
		{838361C9-8F44-475A-9B35-BF8870C28E9D}.Release|Any CPU.ActiveCfg = Release|Any CPU
		{838361C9-8F44-475A-9B35-BF8870C28E9D}.Release|Any CPU.Build.0 = Release|Any CPU
		{0BC4F84B-B455-44AA-B6F6-E96A222D35B5}.Debug|Any CPU.ActiveCfg = Debug|Any CPU
		{0BC4F84B-B455-44AA-B6F6-E96A222D35B5}.Debug|Any CPU.Build.0 = Debug|Any CPU
		{0BC4F84B-B455-44AA-B6F6-E96A222D35B5}.Release|Any CPU.ActiveCfg = Release|Any CPU
		{0BC4F84B-B455-44AA-B6F6-E96A222D35B5}.Release|Any CPU.Build.0 = Release|Any CPU
		{51FDD2EC-15F0-4D38-BC2C-FB98ABE9F1EE}.Debug|Any CPU.ActiveCfg = Debug|Any CPU
		{51FDD2EC-15F0-4D38-BC2C-FB98ABE9F1EE}.Debug|Any CPU.Build.0 = Debug|Any CPU
		{51FDD2EC-15F0-4D38-BC2C-FB98ABE9F1EE}.Release|Any CPU.ActiveCfg = Release|Any CPU
		{51FDD2EC-15F0-4D38-BC2C-FB98ABE9F1EE}.Release|Any CPU.Build.0 = Release|Any CPU
		{F1DC9DE9-8999-4548-AB77-775A346371D9}.Debug|Any CPU.ActiveCfg = Debug|Any CPU
		{F1DC9DE9-8999-4548-AB77-775A346371D9}.Debug|Any CPU.Build.0 = Debug|Any CPU
		{F1DC9DE9-8999-4548-AB77-775A346371D9}.Release|Any CPU.ActiveCfg = Release|Any CPU
		{F1DC9DE9-8999-4548-AB77-775A346371D9}.Release|Any CPU.Build.0 = Release|Any CPU
		{0356FA18-AE61-4A11-BF66-C295008EB48E}.Debug|Any CPU.ActiveCfg = Debug|Any CPU
		{0356FA18-AE61-4A11-BF66-C295008EB48E}.Debug|Any CPU.Build.0 = Debug|Any CPU
		{0356FA18-AE61-4A11-BF66-C295008EB48E}.Release|Any CPU.ActiveCfg = Release|Any CPU
		{0356FA18-AE61-4A11-BF66-C295008EB48E}.Release|Any CPU.Build.0 = Release|Any CPU
		{08E2A857-289A-4826-B313-281FFD0D0473}.Debug|Any CPU.ActiveCfg = Debug|Any CPU
		{08E2A857-289A-4826-B313-281FFD0D0473}.Debug|Any CPU.Build.0 = Debug|Any CPU
		{08E2A857-289A-4826-B313-281FFD0D0473}.Release|Any CPU.ActiveCfg = Release|Any CPU
		{08E2A857-289A-4826-B313-281FFD0D0473}.Release|Any CPU.Build.0 = Release|Any CPU
		{3959EB55-8371-4161-ADC1-C08BC654D29B}.Debug|Any CPU.ActiveCfg = Debug|Any CPU
		{3959EB55-8371-4161-ADC1-C08BC654D29B}.Debug|Any CPU.Build.0 = Debug|Any CPU
		{3959EB55-8371-4161-ADC1-C08BC654D29B}.Release|Any CPU.ActiveCfg = Release|Any CPU
		{3959EB55-8371-4161-ADC1-C08BC654D29B}.Release|Any CPU.Build.0 = Release|Any CPU
		{F7CD0BF2-D6BE-43AE-B63D-8CD2D3BCF474}.Debug|Any CPU.ActiveCfg = Debug|Any CPU
		{F7CD0BF2-D6BE-43AE-B63D-8CD2D3BCF474}.Debug|Any CPU.Build.0 = Debug|Any CPU
		{F7CD0BF2-D6BE-43AE-B63D-8CD2D3BCF474}.Release|Any CPU.ActiveCfg = Release|Any CPU
		{F7CD0BF2-D6BE-43AE-B63D-8CD2D3BCF474}.Release|Any CPU.Build.0 = Release|Any CPU
		{6017BDA3-164A-4244-9A4B-6AC76DB387A6}.Debug|Any CPU.ActiveCfg = Debug|Any CPU
		{6017BDA3-164A-4244-9A4B-6AC76DB387A6}.Debug|Any CPU.Build.0 = Debug|Any CPU
		{6017BDA3-164A-4244-9A4B-6AC76DB387A6}.Release|Any CPU.ActiveCfg = Release|Any CPU
		{6017BDA3-164A-4244-9A4B-6AC76DB387A6}.Release|Any CPU.Build.0 = Release|Any CPU
		{33EC7D29-1667-4AD1-9D1D-25386399F47D}.Debug|Any CPU.ActiveCfg = Debug|Any CPU
		{33EC7D29-1667-4AD1-9D1D-25386399F47D}.Debug|Any CPU.Build.0 = Debug|Any CPU
		{33EC7D29-1667-4AD1-9D1D-25386399F47D}.Release|Any CPU.ActiveCfg = Release|Any CPU
		{33EC7D29-1667-4AD1-9D1D-25386399F47D}.Release|Any CPU.Build.0 = Release|Any CPU
		{CDF9DC68-28B6-4ECB-9A20-DDB8A9B598F0}.Debug|Any CPU.ActiveCfg = Debug|Any CPU
		{CDF9DC68-28B6-4ECB-9A20-DDB8A9B598F0}.Debug|Any CPU.Build.0 = Debug|Any CPU
		{CDF9DC68-28B6-4ECB-9A20-DDB8A9B598F0}.Release|Any CPU.ActiveCfg = Release|Any CPU
		{CDF9DC68-28B6-4ECB-9A20-DDB8A9B598F0}.Release|Any CPU.Build.0 = Release|Any CPU
		{85D5A4C5-61EA-4EAE-8A39-3C667EED9F50}.Debug|Any CPU.ActiveCfg = Debug|Any CPU
		{85D5A4C5-61EA-4EAE-8A39-3C667EED9F50}.Debug|Any CPU.Build.0 = Debug|Any CPU
		{85D5A4C5-61EA-4EAE-8A39-3C667EED9F50}.Release|Any CPU.ActiveCfg = Release|Any CPU
		{85D5A4C5-61EA-4EAE-8A39-3C667EED9F50}.Release|Any CPU.Build.0 = Release|Any CPU
		{EC09FBEF-1BCE-44A6-85A1-1482E394438C}.Debug|Any CPU.ActiveCfg = Debug|Any CPU
		{EC09FBEF-1BCE-44A6-85A1-1482E394438C}.Debug|Any CPU.Build.0 = Debug|Any CPU
		{EC09FBEF-1BCE-44A6-85A1-1482E394438C}.Release|Any CPU.ActiveCfg = Release|Any CPU
		{EC09FBEF-1BCE-44A6-85A1-1482E394438C}.Release|Any CPU.Build.0 = Release|Any CPU
		{91383C68-DCA8-49BD-A047-0C636EAB264D}.Debug|Any CPU.ActiveCfg = Debug|Any CPU
		{91383C68-DCA8-49BD-A047-0C636EAB264D}.Debug|Any CPU.Build.0 = Debug|Any CPU
		{91383C68-DCA8-49BD-A047-0C636EAB264D}.Release|Any CPU.ActiveCfg = Release|Any CPU
		{91383C68-DCA8-49BD-A047-0C636EAB264D}.Release|Any CPU.Build.0 = Release|Any CPU
		{FE6012D0-BD28-4F05-B580-E7D058022FF7}.Debug|Any CPU.ActiveCfg = Debug|Any CPU
		{FE6012D0-BD28-4F05-B580-E7D058022FF7}.Debug|Any CPU.Build.0 = Debug|Any CPU
		{FE6012D0-BD28-4F05-B580-E7D058022FF7}.Release|Any CPU.ActiveCfg = Release|Any CPU
		{FE6012D0-BD28-4F05-B580-E7D058022FF7}.Release|Any CPU.Build.0 = Release|Any CPU
		{8D470F41-47D8-4BC1-B87E-4113B162F516}.Debug|Any CPU.ActiveCfg = Debug|Any CPU
		{8D470F41-47D8-4BC1-B87E-4113B162F516}.Debug|Any CPU.Build.0 = Debug|Any CPU
		{8D470F41-47D8-4BC1-B87E-4113B162F516}.Release|Any CPU.ActiveCfg = Release|Any CPU
		{8D470F41-47D8-4BC1-B87E-4113B162F516}.Release|Any CPU.Build.0 = Release|Any CPU
		{2D3A5AA9-DB7D-47BE-9A00-437E5DE08693}.Debug|Any CPU.ActiveCfg = Debug|Any CPU
		{2D3A5AA9-DB7D-47BE-9A00-437E5DE08693}.Debug|Any CPU.Build.0 = Debug|Any CPU
		{2D3A5AA9-DB7D-47BE-9A00-437E5DE08693}.Release|Any CPU.ActiveCfg = Release|Any CPU
		{2D3A5AA9-DB7D-47BE-9A00-437E5DE08693}.Release|Any CPU.Build.0 = Release|Any CPU
		{FBC8ACC7-91B9-428D-BDE0-6F1F33055663}.Debug|Any CPU.ActiveCfg = Debug|Any CPU
		{FBC8ACC7-91B9-428D-BDE0-6F1F33055663}.Debug|Any CPU.Build.0 = Debug|Any CPU
		{FBC8ACC7-91B9-428D-BDE0-6F1F33055663}.Release|Any CPU.ActiveCfg = Release|Any CPU
		{FBC8ACC7-91B9-428D-BDE0-6F1F33055663}.Release|Any CPU.Build.0 = Release|Any CPU
		{3DEC676B-731A-4EBC-9835-0D8DFD5A4576}.Debug|Any CPU.ActiveCfg = Debug|Any CPU
		{3DEC676B-731A-4EBC-9835-0D8DFD5A4576}.Debug|Any CPU.Build.0 = Debug|Any CPU
		{3DEC676B-731A-4EBC-9835-0D8DFD5A4576}.Release|Any CPU.ActiveCfg = Release|Any CPU
		{3DEC676B-731A-4EBC-9835-0D8DFD5A4576}.Release|Any CPU.Build.0 = Release|Any CPU
	EndGlobalSection
	GlobalSection(SolutionProperties) = preSolution
		HideSolutionNode = FALSE
	EndGlobalSection
	GlobalSection(NestedProjects) = preSolution
		{C1371F39-0B4D-4B8A-BE4A-D11FADEB3D49} = {F64B29E2-152F-4DF5-9D17-7DB70285A73C}
		{070B0A93-7AF4-4F5A-A3F6-FBE6F04A45CD} = {F64B29E2-152F-4DF5-9D17-7DB70285A73C}
		{8C3E2768-9399-49EF-8094-E7C7A8828C39} = {BA1C629C-5B8F-4DB3-B179-866EA606B590}
		{EDAD962C-CC7C-4BEB-8BCB-EE1763630D1D} = {BA1C629C-5B8F-4DB3-B179-866EA606B590}
		{C72DCCF8-A148-4EDD-BDD9-65DDCD3A9984} = {72F997AB-E4EF-48BA-AD1C-864E52C27FD3}
		{43884CE1-B525-4FEC-A526-F5757DBFAE83} = {8C3E2768-9399-49EF-8094-E7C7A8828C39}
		{B69CDFA2-C5E0-4E42-BCEE-C08FC8495125} = {8C3E2768-9399-49EF-8094-E7C7A8828C39}
		{5C6AE11C-156B-49AA-BF50-BECFF554EF57} = {8C3E2768-9399-49EF-8094-E7C7A8828C39}
		{678AA08E-1F82-426F-B369-1D28C24B82E4} = {EDAD962C-CC7C-4BEB-8BCB-EE1763630D1D}
		{8B6CED2E-7BB0-4E28-A6CE-B3F8A019DC34} = {EDAD962C-CC7C-4BEB-8BCB-EE1763630D1D}
		{2E019B7C-E8AE-4E01-AA0F-415CCF62ECBE} = {EDAD962C-CC7C-4BEB-8BCB-EE1763630D1D}
		{AE5F7462-D212-4804-A23C-6584671AFA62} = {C72DCCF8-A148-4EDD-BDD9-65DDCD3A9984}
		{0CDE6F7A-5F32-4EDE-95E2-CEF48614D6E6} = {C1371F39-0B4D-4B8A-BE4A-D11FADEB3D49}
		{0987BD50-CF4E-48A6-B0B1-39B05188A61B} = {C1371F39-0B4D-4B8A-BE4A-D11FADEB3D49}
		{06816AFA-6D7C-4029-8114-3016D2D0F328} = {C1371F39-0B4D-4B8A-BE4A-D11FADEB3D49}
		{D62E4AE9-1656-4C09-8886-0B6A8A124F6A} = {C1371F39-0B4D-4B8A-BE4A-D11FADEB3D49}
		{9A672894-1F54-48E5-8922-D84694348DBE} = {070B0A93-7AF4-4F5A-A3F6-FBE6F04A45CD}
		{838361C9-8F44-475A-9B35-BF8870C28E9D} = {070B0A93-7AF4-4F5A-A3F6-FBE6F04A45CD}
		{5CEE4FB1-451C-4BFF-BCEC-9D84CA43209E} = {395E8D6B-B1C6-41A6-BC0A-7EC3904D3C99}
		{C8C31484-F4CC-472C-A6BE-46EE5E08A294} = {395E8D6B-B1C6-41A6-BC0A-7EC3904D3C99}
		{51FDD2EC-15F0-4D38-BC2C-FB98ABE9F1EE} = {5CEE4FB1-451C-4BFF-BCEC-9D84CA43209E}
		{F1DC9DE9-8999-4548-AB77-775A346371D9} = {5CEE4FB1-451C-4BFF-BCEC-9D84CA43209E}
		{0356FA18-AE61-4A11-BF66-C295008EB48E} = {5CEE4FB1-451C-4BFF-BCEC-9D84CA43209E}
		{08E2A857-289A-4826-B313-281FFD0D0473} = {C8C31484-F4CC-472C-A6BE-46EE5E08A294}
		{3959EB55-8371-4161-ADC1-C08BC654D29B} = {C8C31484-F4CC-472C-A6BE-46EE5E08A294}
		{2D76CAFE-0E7F-4B65-B31E-6B95C1AFE84B} = {CE3C427B-D3EE-4B58-98F2-E68075B7A9CA}
		{45D850E5-B794-4EB1-B5F2-C941F69658E7} = {CE3C427B-D3EE-4B58-98F2-E68075B7A9CA}
		{F7CD0BF2-D6BE-43AE-B63D-8CD2D3BCF474} = {2D76CAFE-0E7F-4B65-B31E-6B95C1AFE84B}
		{6017BDA3-164A-4244-9A4B-6AC76DB387A6} = {45D850E5-B794-4EB1-B5F2-C941F69658E7}
		{808A5058-D1D3-4521-B967-43600453F25A} = {6B38DCF3-AEEF-40BA-BB4B-DB970538C420}
		{CF824942-42B6-48B7-81DA-2545DBCF57B5} = {6B38DCF3-AEEF-40BA-BB4B-DB970538C420}
		{33EC7D29-1667-4AD1-9D1D-25386399F47D} = {808A5058-D1D3-4521-B967-43600453F25A}
		{CDF9DC68-28B6-4ECB-9A20-DDB8A9B598F0} = {808A5058-D1D3-4521-B967-43600453F25A}
		{85D5A4C5-61EA-4EAE-8A39-3C667EED9F50} = {808A5058-D1D3-4521-B967-43600453F25A}
		{EC09FBEF-1BCE-44A6-85A1-1482E394438C} = {CF824942-42B6-48B7-81DA-2545DBCF57B5}
		{91383C68-DCA8-49BD-A047-0C636EAB264D} = {CF824942-42B6-48B7-81DA-2545DBCF57B5}
		{3B27D7B9-DBB3-4C40-B7A0-98B59EEA9A38} = {36867D2B-7BE3-4DE6-A394-36894ED7042D}
		{D9C9D7B6-986E-4FCE-BCFF-135059C28FF7} = {36867D2B-7BE3-4DE6-A394-36894ED7042D}
		{FE6012D0-BD28-4F05-B580-E7D058022FF7} = {3B27D7B9-DBB3-4C40-B7A0-98B59EEA9A38}
		{8D470F41-47D8-4BC1-B87E-4113B162F516} = {D9C9D7B6-986E-4FCE-BCFF-135059C28FF7}
		{2D3A5AA9-DB7D-47BE-9A00-437E5DE08693} = {3B27D7B9-DBB3-4C40-B7A0-98B59EEA9A38}
		{FBC8ACC7-91B9-428D-BDE0-6F1F33055663} = {D9C9D7B6-986E-4FCE-BCFF-135059C28FF7}
		{3DEC676B-731A-4EBC-9835-0D8DFD5A4576} = {CF824942-42B6-48B7-81DA-2545DBCF57B5}
	EndGlobalSection
	GlobalSection(ExtensibilityGlobals) = postSolution
		SolutionGuid = {53510C0E-3EF4-4200-BDE6-BBC6CF26B579}
	EndGlobalSection
EndGlobal
