
Microsoft Visual Studio Solution File, Format Version 12.00
# Visual Studio Version 17
VisualStudioVersion = 17.2.32516.85
MinimumVisualStudioVersion = 10.0.40219.1
Project("{2150E333-8FDC-42A3-9474-1A3956D46DE8}") = "EmployeeManagement", "EmployeeManagement", "{F64B29E2-152F-4DF5-9D17-7DB70285A73C}"
EndProject
Project("{2150E333-8FDC-42A3-9474-1A3956D46DE8}") = "src", "src", "{C1371F39-0B4D-4B8A-BE4A-D11FADEB3D49}"
EndProject
Project("{2150E333-8FDC-42A3-9474-1A3956D46DE8}") = "tests", "tests", "{070B0A93-7AF4-4F5A-A3F6-FBE6F04A45CD}"
EndProject
Project("{9A19103F-16F7-4668-BE54-9A1E7A4F7556}") = "R2S.EmployeeManagement.Core", "EmployeeManagement\src\R2S.EmployeeManagement.Core\R2S.EmployeeManagement.Core.csproj", "{C4D07A3A-F724-43EF-B132-DF64432520DE}"
EndProject
Project("{9A19103F-16F7-4668-BE54-9A1E7A4F7556}") = "R2S.EmployeeManagement.Api", "EmployeeManagement\src\R2S.EmployeeManagement.Api\R2S.EmployeeManagement.Api.csproj", "{DDA9B7CD-3BA9-4AAD-8656-D2E170B9FA37}"
EndProject
Project("{9A19103F-16F7-4668-BE54-9A1E7A4F7556}") = "R2S.EmployeeManagement.DB.Manager", "EmployeeManagement\src\R2S.EmployeeManagement.DB.Manager\R2S.EmployeeManagement.DB.Manager.csproj", "{8B99844A-F8E9-4216-AAF8-0F2E4219DF1F}"
EndProject
Project("{9A19103F-16F7-4668-BE54-9A1E7A4F7556}") = "R2S.EmployeeManagement.AuthorizationServer", "EmployeeManagement\src\R2S.EmployeeManagement.AuthorizationServer\R2S.EmployeeManagement.AuthorizationServer.csproj", "{FB20FF27-EEB3-4EF9-B152-36FB926769B4}"
EndProject
Project("{9A19103F-16F7-4668-BE54-9A1E7A4F7556}") = "R2S.EmployeeManagement.Api.IntegrationTests", "EmployeeManagement\tests\R2S.EmployeeManagement.Api.IntegrationTests\R2S.EmployeeManagement.Api.IntegrationTests.csproj", "{FAF25B3B-414A-466C-BB6C-06D59699C278}"
EndProject
Project("{9A19103F-16F7-4668-BE54-9A1E7A4F7556}") = "R2S.EmployeeManagement.Core.IntegrationTests", "EmployeeManagement\tests\R2S.EmployeeManagement.IntegrationTests\R2S.EmployeeManagement.Core.IntegrationTests.csproj", "{9875EFFC-DAC3-4B59-8359-07CC8C7AE025}"
EndProject
Global
	GlobalSection(SolutionConfigurationPlatforms) = preSolution
		Debug|Any CPU = Debug|Any CPU
		Release|Any CPU = Release|Any CPU
	EndGlobalSection
	GlobalSection(ProjectConfigurationPlatforms) = postSolution
		{C4D07A3A-F724-43EF-B132-DF64432520DE}.Debug|Any CPU.ActiveCfg = Debug|Any CPU
		{C4D07A3A-F724-43EF-B132-DF64432520DE}.Debug|Any CPU.Build.0 = Debug|Any CPU
		{C4D07A3A-F724-43EF-B132-DF64432520DE}.Release|Any CPU.ActiveCfg = Release|Any CPU
		{C4D07A3A-F724-43EF-B132-DF64432520DE}.Release|Any CPU.Build.0 = Release|Any CPU
		{DDA9B7CD-3BA9-4AAD-8656-D2E170B9FA37}.Debug|Any CPU.ActiveCfg = Debug|Any CPU
		{DDA9B7CD-3BA9-4AAD-8656-D2E170B9FA37}.Debug|Any CPU.Build.0 = Debug|Any CPU
		{DDA9B7CD-3BA9-4AAD-8656-D2E170B9FA37}.Release|Any CPU.ActiveCfg = Release|Any CPU
		{DDA9B7CD-3BA9-4AAD-8656-D2E170B9FA37}.Release|Any CPU.Build.0 = Release|Any CPU
		{8B99844A-F8E9-4216-AAF8-0F2E4219DF1F}.Debug|Any CPU.ActiveCfg = Debug|Any CPU
		{8B99844A-F8E9-4216-AAF8-0F2E4219DF1F}.Debug|Any CPU.Build.0 = Debug|Any CPU
		{8B99844A-F8E9-4216-AAF8-0F2E4219DF1F}.Release|Any CPU.ActiveCfg = Release|Any CPU
		{8B99844A-F8E9-4216-AAF8-0F2E4219DF1F}.Release|Any CPU.Build.0 = Release|Any CPU
		{FB20FF27-EEB3-4EF9-B152-36FB926769B4}.Debug|Any CPU.ActiveCfg = Debug|Any CPU
		{FB20FF27-EEB3-4EF9-B152-36FB926769B4}.Debug|Any CPU.Build.0 = Debug|Any CPU
		{FB20FF27-EEB3-4EF9-B152-36FB926769B4}.Release|Any CPU.ActiveCfg = Release|Any CPU
		{FB20FF27-EEB3-4EF9-B152-36FB926769B4}.Release|Any CPU.Build.0 = Release|Any CPU
		{FAF25B3B-414A-466C-BB6C-06D59699C278}.Debug|Any CPU.ActiveCfg = Debug|Any CPU
		{FAF25B3B-414A-466C-BB6C-06D59699C278}.Debug|Any CPU.Build.0 = Debug|Any CPU
		{FAF25B3B-414A-466C-BB6C-06D59699C278}.Release|Any CPU.ActiveCfg = Release|Any CPU
		{FAF25B3B-414A-466C-BB6C-06D59699C278}.Release|Any CPU.Build.0 = Release|Any CPU
		{9875EFFC-DAC3-4B59-8359-07CC8C7AE025}.Debug|Any CPU.ActiveCfg = Debug|Any CPU
		{9875EFFC-DAC3-4B59-8359-07CC8C7AE025}.Debug|Any CPU.Build.0 = Debug|Any CPU
		{9875EFFC-DAC3-4B59-8359-07CC8C7AE025}.Release|Any CPU.ActiveCfg = Release|Any CPU
		{9875EFFC-DAC3-4B59-8359-07CC8C7AE025}.Release|Any CPU.Build.0 = Release|Any CPU
	EndGlobalSection
	GlobalSection(SolutionProperties) = preSolution
		HideSolutionNode = FALSE
	EndGlobalSection
	GlobalSection(NestedProjects) = preSolution
		{C1371F39-0B4D-4B8A-BE4A-D11FADEB3D49} = {F64B29E2-152F-4DF5-9D17-7DB70285A73C}
		{070B0A93-7AF4-4F5A-A3F6-FBE6F04A45CD} = {F64B29E2-152F-4DF5-9D17-7DB70285A73C}
		{C4D07A3A-F724-43EF-B132-DF64432520DE} = {C1371F39-0B4D-4B8A-BE4A-D11FADEB3D49}
		{DDA9B7CD-3BA9-4AAD-8656-D2E170B9FA37} = {C1371F39-0B4D-4B8A-BE4A-D11FADEB3D49}
		{8B99844A-F8E9-4216-AAF8-0F2E4219DF1F} = {C1371F39-0B4D-4B8A-BE4A-D11FADEB3D49}
		{FB20FF27-EEB3-4EF9-B152-36FB926769B4} = {C1371F39-0B4D-4B8A-BE4A-D11FADEB3D49}
		{FAF25B3B-414A-466C-BB6C-06D59699C278} = {070B0A93-7AF4-4F5A-A3F6-FBE6F04A45CD}
		{9875EFFC-DAC3-4B59-8359-07CC8C7AE025} = {070B0A93-7AF4-4F5A-A3F6-FBE6F04A45CD}
	EndGlobalSection
	GlobalSection(ExtensibilityGlobals) = postSolution
		SolutionGuid = {53510C0E-3EF4-4200-BDE6-BBC6CF26B579}
	EndGlobalSection
EndGlobal
