
Microsoft Visual Studio Solution File, Format Version 12.00
# Visual Studio Version 17
VisualStudioVersion = 17.2.32516.85
MinimumVisualStudioVersion = 10.0.40219.1
Project("{2150E333-8FDC-42A3-9474-1A3956D46DE8}") = "EmployeeManagement", "EmployeeManagement", "{F64B29E2-152F-4DF5-9D17-7DB70285A73C}"
EndProject
Project("{2150E333-8FDC-42A3-9474-1A3956D46DE8}") = "src", "src", "{C1371F39-0B4D-4B8A-BE4A-D11FADEB3D49}"
EndProject
Project("{2150E333-8FDC-42A3-9474-1A3956D46DE8}") = "tests", "tests", "{070B0A93-7AF4-4F5A-A3F6-FBE6F04A45CD}"
EndProject
Project("{9A19103F-16F7-4668-BE54-9A1E7A4F7556}") = "R2S.EmployeeManagement.Core", "EmployeeManagement\src\R2S.EmployeeManagement.Core\R2S.EmployeeManagement.Core.csproj", "{C4D07A3A-F724-43EF-B132-DF64432520DE}"
EndProject
Project("{9A19103F-16F7-4668-BE54-9A1E7A4F7556}") = "R2S.EmployeeManagement.Api", "EmployeeManagement\src\R2S.EmployeeManagement.Api\R2S.EmployeeManagement.Api.csproj", "{DDA9B7CD-3BA9-4AAD-8656-D2E170B9FA37}"
EndProject
Project("{9A19103F-16F7-4668-BE54-9A1E7A4F7556}") = "R2S.EmployeeManagement.DB.Manager", "EmployeeManagement\src\R2S.EmployeeManagement.DB.Manager\R2S.EmployeeManagement.DB.Manager.csproj", "{8B99844A-F8E9-4216-AAF8-0F2E4219DF1F}"
EndProject
Project("{9A19103F-16F7-4668-BE54-9A1E7A4F7556}") = "R2S.EmployeeManagement.AuthorizationServer", "EmployeeManagement\src\R2S.EmployeeManagement.AuthorizationServer\R2S.EmployeeManagement.AuthorizationServer.csproj", "{FB20FF27-EEB3-4EF9-B152-36FB926769B4}"
EndProject
Project("{9A19103F-16F7-4668-BE54-9A1E7A4F7556}") = "R2S.EmployeeManagement.Api.IntegrationTests", "EmployeeManagement\tests\R2S.EmployeeManagement.Api.IntegrationTests\R2S.EmployeeManagement.Api.IntegrationTests.csproj", "{FAF25B3B-414A-466C-BB6C-06D59699C278}"
EndProject
Project("{9A19103F-16F7-4668-BE54-9A1E7A4F7556}") = "R2S.EmployeeManagement.Core.IntegrationTests", "EmployeeManagement\tests\R2S.EmployeeManagement.IntegrationTests\R2S.EmployeeManagement.Core.IntegrationTests.csproj", "{9875EFFC-DAC3-4B59-8359-07CC8C7AE025}"
EndProject
Project("{2150E333-8FDC-42A3-9474-1A3956D46DE8}") = "Catalog", "Catalog", "{BA1C629C-5B8F-4DB3-B179-866EA606B590}"
EndProject
Project("{2150E333-8FDC-42A3-9474-1A3956D46DE8}") = "src", "src", "{8C3E2768-9399-49EF-8094-E7C7A8828C39}"
EndProject
Project("{2150E333-8FDC-42A3-9474-1A3956D46DE8}") = "tests", "tests", "{EDAD962C-CC7C-4BEB-8BCB-EE1763630D1D}"
EndProject
Project("{9A19103F-16F7-4668-BE54-9A1E7A4F7556}") = "R2S.Catalog.Core", "Catalog\src\R2S.Catalog.Core\R2S.Catalog.Core.csproj", "{A15428A7-357A-403B-A706-2F07155B09EA}"
EndProject
Project("{9A19103F-16F7-4668-BE54-9A1E7A4F7556}") = "R2S.Catalog.Core.UnitTests", "Catalog\tests\R2S.Catalog.Core.UnitTests\R2S.Catalog.Core.UnitTests.csproj", "{2F57AA89-1D42-441C-ACED-72E3446CF218}"
EndProject
Project("{9A19103F-16F7-4668-BE54-9A1E7A4F7556}") = "R2S.Catalog.Api", "Catalog\src\R2S.Catalog.Api\R2S.Catalog.Api.csproj", "{DE2DF3FD-40C2-44C1-8C67-824E42A6E624}"
EndProject
Project("{9A19103F-16F7-4668-BE54-9A1E7A4F7556}") = "R2S.Catalog.Infrastructure", "Catalog\src\R2S.Catalog.Infrastructure\R2S.Catalog.Infrastructure.csproj", "{4B47F9B0-8687-4ABC-81E2-F2FD36DAAAD0}"
EndProject
Project("{9A19103F-16F7-4668-BE54-9A1E7A4F7556}") = "R2S.Catalog.Infrastructure.IntegrationTests", "Catalog\tests\R2S.Catalog.Infrastructure.IntegrationTests\R2S.Catalog.Infrastructure.IntegrationTests.csproj", "{45C80A2A-4A2C-497F-81AE-FA336BAD5DBB}"
EndProject
Project("{9A19103F-16F7-4668-BE54-9A1E7A4F7556}") = "R2S.Catalog.Api.IntegrationTests", "Catalog\tests\R2S.Catalog.Api.IntegrationTests\R2S.Catalog.Api.IntegrationTests.csproj", "{0BF85D67-ED1D-493C-870E-DBB8CFD75FDA}"
EndProject
Project("{2150E333-8FDC-42A3-9474-1A3956D46DE8}") = "Solution Items", "Solution Items", "{D49D2BF3-E494-4E26-A4D0-C5F721AABC67}"
	ProjectSection(SolutionItems) = preProject
		.editorconfig = .editorconfig
	EndProjectSection
EndProject
Project("{2150E333-8FDC-42A3-9474-1A3956D46DE8}") = "Client", "Client", "{72F997AB-E4EF-48BA-AD1C-864E52C27FD3}"
EndProject
Project("{2150E333-8FDC-42A3-9474-1A3956D46DE8}") = "src", "src", "{C72DCCF8-A148-4EDD-BDD9-65DDCD3A9984}"
EndProject
Project("{9A19103F-16F7-4668-BE54-9A1E7A4F7556}") = "R2S.Client.AuthorizationServer", "Client\src\R2S.Client.AuthorizationServer\R2S.Client.AuthorizationServer.csproj", "{61DD7C77-91F6-4713-A701-CF637926BF59}"
EndProject
Global
	GlobalSection(SolutionConfigurationPlatforms) = preSolution
		Debug|Any CPU = Debug|Any CPU
		Release|Any CPU = Release|Any CPU
	EndGlobalSection
	GlobalSection(ProjectConfigurationPlatforms) = postSolution
		{C4D07A3A-F724-43EF-B132-DF64432520DE}.Debug|Any CPU.ActiveCfg = Debug|Any CPU
		{C4D07A3A-F724-43EF-B132-DF64432520DE}.Debug|Any CPU.Build.0 = Debug|Any CPU
		{C4D07A3A-F724-43EF-B132-DF64432520DE}.Release|Any CPU.ActiveCfg = Release|Any CPU
		{C4D07A3A-F724-43EF-B132-DF64432520DE}.Release|Any CPU.Build.0 = Release|Any CPU
		{DDA9B7CD-3BA9-4AAD-8656-D2E170B9FA37}.Debug|Any CPU.ActiveCfg = Debug|Any CPU
		{DDA9B7CD-3BA9-4AAD-8656-D2E170B9FA37}.Debug|Any CPU.Build.0 = Debug|Any CPU
		{DDA9B7CD-3BA9-4AAD-8656-D2E170B9FA37}.Release|Any CPU.ActiveCfg = Release|Any CPU
		{DDA9B7CD-3BA9-4AAD-8656-D2E170B9FA37}.Release|Any CPU.Build.0 = Release|Any CPU
		{8B99844A-F8E9-4216-AAF8-0F2E4219DF1F}.Debug|Any CPU.ActiveCfg = Debug|Any CPU
		{8B99844A-F8E9-4216-AAF8-0F2E4219DF1F}.Debug|Any CPU.Build.0 = Debug|Any CPU
		{8B99844A-F8E9-4216-AAF8-0F2E4219DF1F}.Release|Any CPU.ActiveCfg = Release|Any CPU
		{8B99844A-F8E9-4216-AAF8-0F2E4219DF1F}.Release|Any CPU.Build.0 = Release|Any CPU
		{FB20FF27-EEB3-4EF9-B152-36FB926769B4}.Debug|Any CPU.ActiveCfg = Debug|Any CPU
		{FB20FF27-EEB3-4EF9-B152-36FB926769B4}.Debug|Any CPU.Build.0 = Debug|Any CPU
		{FB20FF27-EEB3-4EF9-B152-36FB926769B4}.Release|Any CPU.ActiveCfg = Release|Any CPU
		{FB20FF27-EEB3-4EF9-B152-36FB926769B4}.Release|Any CPU.Build.0 = Release|Any CPU
		{FAF25B3B-414A-466C-BB6C-06D59699C278}.Debug|Any CPU.ActiveCfg = Debug|Any CPU
		{FAF25B3B-414A-466C-BB6C-06D59699C278}.Debug|Any CPU.Build.0 = Debug|Any CPU
		{FAF25B3B-414A-466C-BB6C-06D59699C278}.Release|Any CPU.ActiveCfg = Release|Any CPU
		{FAF25B3B-414A-466C-BB6C-06D59699C278}.Release|Any CPU.Build.0 = Release|Any CPU
		{9875EFFC-DAC3-4B59-8359-07CC8C7AE025}.Debug|Any CPU.ActiveCfg = Debug|Any CPU
		{9875EFFC-DAC3-4B59-8359-07CC8C7AE025}.Debug|Any CPU.Build.0 = Debug|Any CPU
		{9875EFFC-DAC3-4B59-8359-07CC8C7AE025}.Release|Any CPU.ActiveCfg = Release|Any CPU
		{9875EFFC-DAC3-4B59-8359-07CC8C7AE025}.Release|Any CPU.Build.0 = Release|Any CPU
		{A15428A7-357A-403B-A706-2F07155B09EA}.Debug|Any CPU.ActiveCfg = Debug|Any CPU
		{A15428A7-357A-403B-A706-2F07155B09EA}.Debug|Any CPU.Build.0 = Debug|Any CPU
		{A15428A7-357A-403B-A706-2F07155B09EA}.Release|Any CPU.ActiveCfg = Release|Any CPU
		{A15428A7-357A-403B-A706-2F07155B09EA}.Release|Any CPU.Build.0 = Release|Any CPU
		{2F57AA89-1D42-441C-ACED-72E3446CF218}.Debug|Any CPU.ActiveCfg = Debug|Any CPU
		{2F57AA89-1D42-441C-ACED-72E3446CF218}.Debug|Any CPU.Build.0 = Debug|Any CPU
		{2F57AA89-1D42-441C-ACED-72E3446CF218}.Release|Any CPU.ActiveCfg = Release|Any CPU
		{2F57AA89-1D42-441C-ACED-72E3446CF218}.Release|Any CPU.Build.0 = Release|Any CPU
		{DE2DF3FD-40C2-44C1-8C67-824E42A6E624}.Debug|Any CPU.ActiveCfg = Debug|Any CPU
		{DE2DF3FD-40C2-44C1-8C67-824E42A6E624}.Debug|Any CPU.Build.0 = Debug|Any CPU
		{DE2DF3FD-40C2-44C1-8C67-824E42A6E624}.Release|Any CPU.ActiveCfg = Release|Any CPU
		{DE2DF3FD-40C2-44C1-8C67-824E42A6E624}.Release|Any CPU.Build.0 = Release|Any CPU
		{4B47F9B0-8687-4ABC-81E2-F2FD36DAAAD0}.Debug|Any CPU.ActiveCfg = Debug|Any CPU
		{4B47F9B0-8687-4ABC-81E2-F2FD36DAAAD0}.Debug|Any CPU.Build.0 = Debug|Any CPU
		{4B47F9B0-8687-4ABC-81E2-F2FD36DAAAD0}.Release|Any CPU.ActiveCfg = Release|Any CPU
		{4B47F9B0-8687-4ABC-81E2-F2FD36DAAAD0}.Release|Any CPU.Build.0 = Release|Any CPU
		{45C80A2A-4A2C-497F-81AE-FA336BAD5DBB}.Debug|Any CPU.ActiveCfg = Debug|Any CPU
		{45C80A2A-4A2C-497F-81AE-FA336BAD5DBB}.Debug|Any CPU.Build.0 = Debug|Any CPU
		{45C80A2A-4A2C-497F-81AE-FA336BAD5DBB}.Release|Any CPU.ActiveCfg = Release|Any CPU
		{45C80A2A-4A2C-497F-81AE-FA336BAD5DBB}.Release|Any CPU.Build.0 = Release|Any CPU
		{0BF85D67-ED1D-493C-870E-DBB8CFD75FDA}.Debug|Any CPU.ActiveCfg = Debug|Any CPU
		{0BF85D67-ED1D-493C-870E-DBB8CFD75FDA}.Debug|Any CPU.Build.0 = Debug|Any CPU
		{0BF85D67-ED1D-493C-870E-DBB8CFD75FDA}.Release|Any CPU.ActiveCfg = Release|Any CPU
		{0BF85D67-ED1D-493C-870E-DBB8CFD75FDA}.Release|Any CPU.Build.0 = Release|Any CPU
		{61DD7C77-91F6-4713-A701-CF637926BF59}.Debug|Any CPU.ActiveCfg = Debug|Any CPU
		{61DD7C77-91F6-4713-A701-CF637926BF59}.Debug|Any CPU.Build.0 = Debug|Any CPU
		{61DD7C77-91F6-4713-A701-CF637926BF59}.Release|Any CPU.ActiveCfg = Release|Any CPU
		{61DD7C77-91F6-4713-A701-CF637926BF59}.Release|Any CPU.Build.0 = Release|Any CPU
	EndGlobalSection
	GlobalSection(SolutionProperties) = preSolution
		HideSolutionNode = FALSE
	EndGlobalSection
	GlobalSection(NestedProjects) = preSolution
		{C1371F39-0B4D-4B8A-BE4A-D11FADEB3D49} = {F64B29E2-152F-4DF5-9D17-7DB70285A73C}
		{070B0A93-7AF4-4F5A-A3F6-FBE6F04A45CD} = {F64B29E2-152F-4DF5-9D17-7DB70285A73C}
		{C4D07A3A-F724-43EF-B132-DF64432520DE} = {C1371F39-0B4D-4B8A-BE4A-D11FADEB3D49}
		{DDA9B7CD-3BA9-4AAD-8656-D2E170B9FA37} = {C1371F39-0B4D-4B8A-BE4A-D11FADEB3D49}
		{8B99844A-F8E9-4216-AAF8-0F2E4219DF1F} = {C1371F39-0B4D-4B8A-BE4A-D11FADEB3D49}
		{FB20FF27-EEB3-4EF9-B152-36FB926769B4} = {C1371F39-0B4D-4B8A-BE4A-D11FADEB3D49}
		{FAF25B3B-414A-466C-BB6C-06D59699C278} = {070B0A93-7AF4-4F5A-A3F6-FBE6F04A45CD}
		{9875EFFC-DAC3-4B59-8359-07CC8C7AE025} = {070B0A93-7AF4-4F5A-A3F6-FBE6F04A45CD}
		{8C3E2768-9399-49EF-8094-E7C7A8828C39} = {BA1C629C-5B8F-4DB3-B179-866EA606B590}
		{EDAD962C-CC7C-4BEB-8BCB-EE1763630D1D} = {BA1C629C-5B8F-4DB3-B179-866EA606B590}
		{A15428A7-357A-403B-A706-2F07155B09EA} = {8C3E2768-9399-49EF-8094-E7C7A8828C39}
		{2F57AA89-1D42-441C-ACED-72E3446CF218} = {EDAD962C-CC7C-4BEB-8BCB-EE1763630D1D}
		{DE2DF3FD-40C2-44C1-8C67-824E42A6E624} = {8C3E2768-9399-49EF-8094-E7C7A8828C39}
		{4B47F9B0-8687-4ABC-81E2-F2FD36DAAAD0} = {8C3E2768-9399-49EF-8094-E7C7A8828C39}
		{45C80A2A-4A2C-497F-81AE-FA336BAD5DBB} = {EDAD962C-CC7C-4BEB-8BCB-EE1763630D1D}
		{0BF85D67-ED1D-493C-870E-DBB8CFD75FDA} = {EDAD962C-CC7C-4BEB-8BCB-EE1763630D1D}
		{C72DCCF8-A148-4EDD-BDD9-65DDCD3A9984} = {72F997AB-E4EF-48BA-AD1C-864E52C27FD3}
		{61DD7C77-91F6-4713-A701-CF637926BF59} = {C72DCCF8-A148-4EDD-BDD9-65DDCD3A9984}
	EndGlobalSection
	GlobalSection(ExtensibilityGlobals) = postSolution
		SolutionGuid = {53510C0E-3EF4-4200-BDE6-BBC6CF26B579}
	EndGlobalSection
EndGlobal
