
Microsoft Visual Studio Solution File, Format Version 12.00
# Visual Studio Version 17
VisualStudioVersion = 17.2.32516.85
MinimumVisualStudioVersion = 10.0.40219.1
Project("{9A19103F-16F7-4668-BE54-9A1E7A4F7556}") = "R2S.Users.Core", "R2S.Users.Core\R2S.Users.Core.csproj", "{5EC78175-2ED2-464B-A3F5-070F37AB49AF}"
EndProject
Project("{9A19103F-16F7-4668-BE54-9A1E7A4F7556}") = "R2S.Users.Api", "R2S.Users.Api\R2S.Users.Api.csproj", "{3B6C457B-5F28-49BE-858C-32D87BE28F4B}"
EndProject
Project("{9A19103F-16F7-4668-BE54-9A1E7A4F7556}") = "R2S.Users.Core.IntegrationTests", "R2S.Users.IntegrationTests\R2S.Users.Core.IntegrationTests.csproj", "{F2B8F8BB-E311-4DD3-819D-66A0D2928395}"
EndProject
Project("{9A19103F-16F7-4668-BE54-9A1E7A4F7556}") = "R2S.Users.Api.IntegrationTests", "R2S.Users.Api.IntegrationTests\R2S.Users.Api.IntegrationTests.csproj", "{6DD098D6-F7A6-4A9E-894D-89572F73512B}"
EndProject
Project("{9A19103F-16F7-4668-BE54-9A1E7A4F7556}") = "R2S.Users.DB.Manager", "R2S.Users.DB.Manager\R2S.Users.DB.Manager.csproj", "{4D4A1974-80A6-4C4C-B5D1-98AE5CF07ED4}"
EndProject
Project("{FAE04EC0-301F-11D3-BF4B-00C04F79EFBC}") = "R2S.Users.AuthorizationServer", "R2S.Users.AuthorizationServer\R2S.Users.AuthorizationServer.csproj", "{FD58058A-6283-4929-9123-F959C23AEF3A}"
EndProject
Global
	GlobalSection(SolutionConfigurationPlatforms) = preSolution
		Debug|Any CPU = Debug|Any CPU
		Release|Any CPU = Release|Any CPU
	EndGlobalSection
	GlobalSection(ProjectConfigurationPlatforms) = postSolution
		{5EC78175-2ED2-464B-A3F5-070F37AB49AF}.Debug|Any CPU.ActiveCfg = Debug|Any CPU
		{5EC78175-2ED2-464B-A3F5-070F37AB49AF}.Debug|Any CPU.Build.0 = Debug|Any CPU
		{5EC78175-2ED2-464B-A3F5-070F37AB49AF}.Release|Any CPU.ActiveCfg = Release|Any CPU
		{5EC78175-2ED2-464B-A3F5-070F37AB49AF}.Release|Any CPU.Build.0 = Release|Any CPU
		{3B6C457B-5F28-49BE-858C-32D87BE28F4B}.Debug|Any CPU.ActiveCfg = Debug|Any CPU
		{3B6C457B-5F28-49BE-858C-32D87BE28F4B}.Debug|Any CPU.Build.0 = Debug|Any CPU
		{3B6C457B-5F28-49BE-858C-32D87BE28F4B}.Release|Any CPU.ActiveCfg = Release|Any CPU
		{3B6C457B-5F28-49BE-858C-32D87BE28F4B}.Release|Any CPU.Build.0 = Release|Any CPU
		{F2B8F8BB-E311-4DD3-819D-66A0D2928395}.Debug|Any CPU.ActiveCfg = Debug|Any CPU
		{F2B8F8BB-E311-4DD3-819D-66A0D2928395}.Debug|Any CPU.Build.0 = Debug|Any CPU
		{F2B8F8BB-E311-4DD3-819D-66A0D2928395}.Release|Any CPU.ActiveCfg = Release|Any CPU
		{F2B8F8BB-E311-4DD3-819D-66A0D2928395}.Release|Any CPU.Build.0 = Release|Any CPU
		{6DD098D6-F7A6-4A9E-894D-89572F73512B}.Debug|Any CPU.ActiveCfg = Debug|Any CPU
		{6DD098D6-F7A6-4A9E-894D-89572F73512B}.Debug|Any CPU.Build.0 = Debug|Any CPU
		{6DD098D6-F7A6-4A9E-894D-89572F73512B}.Release|Any CPU.ActiveCfg = Release|Any CPU
		{6DD098D6-F7A6-4A9E-894D-89572F73512B}.Release|Any CPU.Build.0 = Release|Any CPU
		{4D4A1974-80A6-4C4C-B5D1-98AE5CF07ED4}.Debug|Any CPU.ActiveCfg = Debug|Any CPU
		{4D4A1974-80A6-4C4C-B5D1-98AE5CF07ED4}.Debug|Any CPU.Build.0 = Debug|Any CPU
		{4D4A1974-80A6-4C4C-B5D1-98AE5CF07ED4}.Release|Any CPU.ActiveCfg = Release|Any CPU
		{4D4A1974-80A6-4C4C-B5D1-98AE5CF07ED4}.Release|Any CPU.Build.0 = Release|Any CPU
		{FD58058A-6283-4929-9123-F959C23AEF3A}.Debug|Any CPU.ActiveCfg = Debug|Any CPU
		{FD58058A-6283-4929-9123-F959C23AEF3A}.Debug|Any CPU.Build.0 = Debug|Any CPU
		{FD58058A-6283-4929-9123-F959C23AEF3A}.Release|Any CPU.ActiveCfg = Release|Any CPU
		{FD58058A-6283-4929-9123-F959C23AEF3A}.Release|Any CPU.Build.0 = Release|Any CPU
	EndGlobalSection
	GlobalSection(SolutionProperties) = preSolution
		HideSolutionNode = FALSE
	EndGlobalSection
	GlobalSection(ExtensibilityGlobals) = postSolution
		SolutionGuid = {53510C0E-3EF4-4200-BDE6-BBC6CF26B579}
	EndGlobalSection
EndGlobal
